
Microsoft Visual Studio Solution File, Format Version 12.00
# Visual Studio Version 17
VisualStudioVersion = 17.14.36212.18 d17.14
MinimumVisualStudioVersion = 10.0.40219.1
Project("{FAE04EC0-301F-11D3-BF4B-00C04F79EFBC}") = "LibraryManagementSystem", "LibraryManagementSystem.csproj", "{FB3C1A7C-5659-4FD9-8B5A-2E84D976FCAE}"
EndProject
Global
	GlobalSection(SolutionConfigurationPlatforms) = preSolution
		Debug|Any CPU = Debug|Any CPU
		Release|Any CPU = Release|Any CPU
	EndGlobalSection
	GlobalSection(ProjectConfigurationPlatforms) = postSolution
		{FB3C1A7C-5659-4FD9-8B5A-2E84D976FCAE}.Debug|Any CPU.ActiveCfg = Debug|Any CPU
		{FB3C1A7C-5659-4FD9-8B5A-2E84D976FCAE}.Debug|Any CPU.Build.0 = Debug|Any CPU
		{FB3C1A7C-5659-4FD9-8B5A-2E84D976FCAE}.Release|Any CPU.ActiveCfg = Release|Any CPU
		{FB3C1A7C-5659-4FD9-8B5A-2E84D976FCAE}.Release|Any CPU.Build.0 = Release|Any CPU
	EndGlobalSection
	GlobalSection(SolutionProperties) = preSolution
		HideSolutionNode = FALSE
	EndGlobalSection
	GlobalSection(ExtensibilityGlobals) = postSolution
		SolutionGuid = {F6544251-A545-4074-B5D1-05AB872E9BA6}
	EndGlobalSection
EndGlobal
